
Microsoft Visual Studio Solution File, Format Version 12.00
# Visual Studio Version 17
VisualStudioVersion = 17.5.33424.131
MinimumVisualStudioVersion = 10.0.40219.1
Project("{9A19103F-16F7-4668-BE54-9A1E7A4F7556}") = "DiagnoseRESTService", "DiagnoseRESTService\DiagnoseRESTService.csproj", "{F758C42B-9406-4C3F-A79A-85D76D8A584B}"
EndProject
Project("{9A19103F-16F7-4668-BE54-9A1E7A4F7556}") = "AuthService", "AuthService\AuthService.csproj", "{4E89D9A2-BA3E-4BA5-A550-E57A92B459A1}"
EndProject
Project("{9A19103F-16F7-4668-BE54-9A1E7A4F7556}") = "DataBaseObjects", "DataBaseObjects\DataBaseObjects.csproj", "{D3F4001D-D152-4A49-87CA-FC6F3EBF79FA}"
EndProject
Project("{9A19103F-16F7-4668-BE54-9A1E7A4F7556}") = "DBAdapterService", "DBAdapterService\DBAdapterService.csproj", "{B60326E7-BFCD-4503-A561-1F656633E8A0}"
EndProject
Project("{9A19103F-16F7-4668-BE54-9A1E7A4F7556}") = "HolterAnalyzeRest", "HolterAnalyzeRest\HolterAnalyzeRest.csproj", "{C36D06B5-1D7B-411E-82FB-C90C34EA53FA}"
EndProject
Project("{9A19103F-16F7-4668-BE54-9A1E7A4F7556}") = "JWTExtensions", "JWTExtensions\JWTExtensions.csproj", "{09AFE1A6-F6F6-4AF6-8A7C-89F81F97DB2C}"
EndProject
Project("{9A19103F-16F7-4668-BE54-9A1E7A4F7556}") = "RabbitMQToHTTPLoadBalancingService", "RabbitMQToHTTPLoadBalancingService\RabbitMQToHTTPLoadBalancingService.csproj", "{2A6C51E9-67A5-4A59-A622-5793719EE9C3}"
EndProject
Project("{9A19103F-16F7-4668-BE54-9A1E7A4F7556}") = "CacheAdapters", "UsersCache\CacheAdapters.csproj", "{3177ED6B-61A9-4555-853F-09291E039F22}"
EndProject
Project("{9A19103F-16F7-4668-BE54-9A1E7A4F7556}") = "UsersDBAdapter", "UsersDBAdapter\UsersDBAdapter.csproj", "{09CC34AA-68FC-4022-9377-AB58B133048A}"
EndProject
Project("{2150E333-8FDC-42A3-9474-1A3956D46DE8}") = "Libraries", "Libraries", "{5BCF545A-1723-4D25-A332-D8542106F3D2}"
EndProject
Project("{2150E333-8FDC-42A3-9474-1A3956D46DE8}") = "Web-Api", "Web-Api", "{F40790B5-D01D-491A-8F61-EECD05C5F5A3}"
EndProject
Project("{2150E333-8FDC-42A3-9474-1A3956D46DE8}") = "DBServices", "DBServices", "{C644EFB0-6851-4BB3-9B52-04B0666827F9}"
EndProject
Project("{2150E333-8FDC-42A3-9474-1A3956D46DE8}") = "DiagnoseServices", "DiagnoseServices", "{9FC6F2D1-1340-4ACD-9E41-1DC6D133830A}"
EndProject
Project("{9A19103F-16F7-4668-BE54-9A1E7A4F7556}") = "HeartDiseasesDiagnosticExtentions", "HeartDiseasesDiagnosticExtentions\HeartDiseasesDiagnosticExtentions.csproj", "{567E44CF-DB0A-4B35-8B4D-03D0CF93D825}"
EndProject
Project("{E53339B2-1760-4266-BCC7-CA923CBCF16C}") = "docker-compose", "docker-compose.dcproj", "{7604A037-6A82-49AB-B1DD-4D896EDD92D7}"
EndProject
Project("{2150E333-8FDC-42A3-9474-1A3956D46DE8}") = "Tests", "Tests", "{84641423-BBD1-42BA-A941-3FCCB35573E4}"
EndProject
Project("{9A19103F-16F7-4668-BE54-9A1E7A4F7556}") = "UsersDBAdapterTests", "Tests\UsersDBAdapterTests\UsersDBAdapterTests.csproj", "{67BAF5AB-7448-47E5-9D15-1B3CBEA7C4E5}"
EndProject
Project("{9A19103F-16F7-4668-BE54-9A1E7A4F7556}") = "DBAdapterServiceTests", "Tests\DBAdapterService_Tests\DBAdapterServiceTests.csproj", "{1DDA4A6B-F03C-4AAB-9936-9B4235A703E9}"
EndProject
Project("{2150E333-8FDC-42A3-9474-1A3956D46DE8}") = "Tests", "Tests", "{9EF09DFD-DFCC-4330-922C-A56B05F0BD93}"
EndProject
Project("{9A19103F-16F7-4668-BE54-9A1E7A4F7556}") = "AuthService_Tests", "Tests\AuthService_Tests\AuthService_Tests.csproj", "{AFBC4ADA-71B9-4B42-A501-00097AE42706}"
EndProject
Project("{9A19103F-16F7-4668-BE54-9A1E7A4F7556}") = "DiagnoseReceiver", "DiagnoseReceiver\DiagnoseReceiver.csproj", "{A0B6066E-372C-43C0-8D47-A0B596968FF6}"
EndProject
Project("{9A19103F-16F7-4668-BE54-9A1E7A4F7556}") = "DiagnoseDataObjects", "DiagnoseDataObjects\DiagnoseDataObjects.csproj", "{5B11F719-2809-4910-9EDA-27FA998662C7}"
EndProject
Project("{9A19103F-16F7-4668-BE54-9A1E7A4F7556}") = "DefineDataService", "DefineDataService\DefineDataService.csproj", "{BCE3111E-DFB1-4BB9-8687-B7E7A17F987C}"
EndProject
Project("{9A19103F-16F7-4668-BE54-9A1E7A4F7556}") = "AlertStorageService", "AlertStorageService\AlertStorageService.csproj", "{2B623AF5-D913-45C9-9352-DE2E9D8ED08C}"
EndProject
Project("{9A19103F-16F7-4668-BE54-9A1E7A4F7556}") = "DiagnoseCardiovascularService", "DiagnoseCardiovascularService\DiagnoseCardiovascularService.csproj", "{D584F645-4A33-46E4-BE4F-AE5E2027DA67}"
EndProject
Project("{2150E333-8FDC-42A3-9474-1A3956D46DE8}") = "Contracts", "Contracts", "{13810636-60A3-4D61-98C9-F8E71FCD7493}"
EndProject
Project("{9A19103F-16F7-4668-BE54-9A1E7A4F7556}") = "UsersContracts", "Contracts\UsersContracts\UsersContracts.csproj", "{D2295939-1014-4208-8CEF-BF2BE6F7E293}"
EndProject
Project("{2150E333-8FDC-42A3-9474-1A3956D46DE8}") = "UtilityServices", "UtilityServices", "{93085D7F-47D1-4651-9668-ABF143278673}"
EndProject
Project("{9A19103F-16F7-4668-BE54-9A1E7A4F7556}") = "JwtCacheChecker", "JwtCacheChecker\JwtCacheChecker.csproj", "{B2AA26B4-2739-4E88-8937-3413B5C8FAA9}"
EndProject
Global
	GlobalSection(SolutionConfigurationPlatforms) = preSolution
		Debug|Any CPU = Debug|Any CPU
		Release|Any CPU = Release|Any CPU
	EndGlobalSection
	GlobalSection(ProjectConfigurationPlatforms) = postSolution
		{F758C42B-9406-4C3F-A79A-85D76D8A584B}.Debug|Any CPU.ActiveCfg = Debug|Any CPU
		{F758C42B-9406-4C3F-A79A-85D76D8A584B}.Debug|Any CPU.Build.0 = Debug|Any CPU
		{F758C42B-9406-4C3F-A79A-85D76D8A584B}.Release|Any CPU.ActiveCfg = Release|Any CPU
		{F758C42B-9406-4C3F-A79A-85D76D8A584B}.Release|Any CPU.Build.0 = Release|Any CPU
		{4E89D9A2-BA3E-4BA5-A550-E57A92B459A1}.Debug|Any CPU.ActiveCfg = Debug|Any CPU
		{4E89D9A2-BA3E-4BA5-A550-E57A92B459A1}.Debug|Any CPU.Build.0 = Debug|Any CPU
		{4E89D9A2-BA3E-4BA5-A550-E57A92B459A1}.Release|Any CPU.ActiveCfg = Release|Any CPU
		{4E89D9A2-BA3E-4BA5-A550-E57A92B459A1}.Release|Any CPU.Build.0 = Release|Any CPU
		{D3F4001D-D152-4A49-87CA-FC6F3EBF79FA}.Debug|Any CPU.ActiveCfg = Debug|Any CPU
		{D3F4001D-D152-4A49-87CA-FC6F3EBF79FA}.Debug|Any CPU.Build.0 = Debug|Any CPU
		{D3F4001D-D152-4A49-87CA-FC6F3EBF79FA}.Release|Any CPU.ActiveCfg = Release|Any CPU
		{D3F4001D-D152-4A49-87CA-FC6F3EBF79FA}.Release|Any CPU.Build.0 = Release|Any CPU
		{B60326E7-BFCD-4503-A561-1F656633E8A0}.Debug|Any CPU.ActiveCfg = Debug|Any CPU
		{B60326E7-BFCD-4503-A561-1F656633E8A0}.Debug|Any CPU.Build.0 = Debug|Any CPU
		{B60326E7-BFCD-4503-A561-1F656633E8A0}.Release|Any CPU.ActiveCfg = Release|Any CPU
		{B60326E7-BFCD-4503-A561-1F656633E8A0}.Release|Any CPU.Build.0 = Release|Any CPU
		{C36D06B5-1D7B-411E-82FB-C90C34EA53FA}.Debug|Any CPU.ActiveCfg = Debug|Any CPU
		{C36D06B5-1D7B-411E-82FB-C90C34EA53FA}.Debug|Any CPU.Build.0 = Debug|Any CPU
		{C36D06B5-1D7B-411E-82FB-C90C34EA53FA}.Release|Any CPU.ActiveCfg = Release|Any CPU
		{C36D06B5-1D7B-411E-82FB-C90C34EA53FA}.Release|Any CPU.Build.0 = Release|Any CPU
		{09AFE1A6-F6F6-4AF6-8A7C-89F81F97DB2C}.Debug|Any CPU.ActiveCfg = Debug|Any CPU
		{09AFE1A6-F6F6-4AF6-8A7C-89F81F97DB2C}.Debug|Any CPU.Build.0 = Debug|Any CPU
		{09AFE1A6-F6F6-4AF6-8A7C-89F81F97DB2C}.Release|Any CPU.ActiveCfg = Release|Any CPU
		{09AFE1A6-F6F6-4AF6-8A7C-89F81F97DB2C}.Release|Any CPU.Build.0 = Release|Any CPU
		{2A6C51E9-67A5-4A59-A622-5793719EE9C3}.Debug|Any CPU.ActiveCfg = Debug|Any CPU
		{2A6C51E9-67A5-4A59-A622-5793719EE9C3}.Debug|Any CPU.Build.0 = Debug|Any CPU
		{2A6C51E9-67A5-4A59-A622-5793719EE9C3}.Release|Any CPU.ActiveCfg = Release|Any CPU
		{2A6C51E9-67A5-4A59-A622-5793719EE9C3}.Release|Any CPU.Build.0 = Release|Any CPU
		{3177ED6B-61A9-4555-853F-09291E039F22}.Debug|Any CPU.ActiveCfg = Debug|Any CPU
		{3177ED6B-61A9-4555-853F-09291E039F22}.Debug|Any CPU.Build.0 = Debug|Any CPU
		{3177ED6B-61A9-4555-853F-09291E039F22}.Release|Any CPU.ActiveCfg = Release|Any CPU
		{3177ED6B-61A9-4555-853F-09291E039F22}.Release|Any CPU.Build.0 = Release|Any CPU
		{09CC34AA-68FC-4022-9377-AB58B133048A}.Debug|Any CPU.ActiveCfg = Debug|Any CPU
		{09CC34AA-68FC-4022-9377-AB58B133048A}.Debug|Any CPU.Build.0 = Debug|Any CPU
		{09CC34AA-68FC-4022-9377-AB58B133048A}.Release|Any CPU.ActiveCfg = Release|Any CPU
		{09CC34AA-68FC-4022-9377-AB58B133048A}.Release|Any CPU.Build.0 = Release|Any CPU
		{567E44CF-DB0A-4B35-8B4D-03D0CF93D825}.Debug|Any CPU.ActiveCfg = Debug|Any CPU
		{567E44CF-DB0A-4B35-8B4D-03D0CF93D825}.Debug|Any CPU.Build.0 = Debug|Any CPU
		{567E44CF-DB0A-4B35-8B4D-03D0CF93D825}.Release|Any CPU.ActiveCfg = Release|Any CPU
		{567E44CF-DB0A-4B35-8B4D-03D0CF93D825}.Release|Any CPU.Build.0 = Release|Any CPU
		{7604A037-6A82-49AB-B1DD-4D896EDD92D7}.Debug|Any CPU.ActiveCfg = Debug|Any CPU
		{7604A037-6A82-49AB-B1DD-4D896EDD92D7}.Debug|Any CPU.Build.0 = Debug|Any CPU
		{7604A037-6A82-49AB-B1DD-4D896EDD92D7}.Release|Any CPU.ActiveCfg = Release|Any CPU
		{7604A037-6A82-49AB-B1DD-4D896EDD92D7}.Release|Any CPU.Build.0 = Release|Any CPU
		{67BAF5AB-7448-47E5-9D15-1B3CBEA7C4E5}.Debug|Any CPU.ActiveCfg = Debug|Any CPU
		{67BAF5AB-7448-47E5-9D15-1B3CBEA7C4E5}.Debug|Any CPU.Build.0 = Debug|Any CPU
		{67BAF5AB-7448-47E5-9D15-1B3CBEA7C4E5}.Release|Any CPU.ActiveCfg = Release|Any CPU
		{67BAF5AB-7448-47E5-9D15-1B3CBEA7C4E5}.Release|Any CPU.Build.0 = Release|Any CPU
		{1DDA4A6B-F03C-4AAB-9936-9B4235A703E9}.Debug|Any CPU.ActiveCfg = Debug|Any CPU
		{1DDA4A6B-F03C-4AAB-9936-9B4235A703E9}.Debug|Any CPU.Build.0 = Debug|Any CPU
		{1DDA4A6B-F03C-4AAB-9936-9B4235A703E9}.Release|Any CPU.ActiveCfg = Release|Any CPU
		{1DDA4A6B-F03C-4AAB-9936-9B4235A703E9}.Release|Any CPU.Build.0 = Release|Any CPU
		{AFBC4ADA-71B9-4B42-A501-00097AE42706}.Debug|Any CPU.ActiveCfg = Debug|Any CPU
		{AFBC4ADA-71B9-4B42-A501-00097AE42706}.Debug|Any CPU.Build.0 = Debug|Any CPU
		{AFBC4ADA-71B9-4B42-A501-00097AE42706}.Release|Any CPU.ActiveCfg = Release|Any CPU
		{AFBC4ADA-71B9-4B42-A501-00097AE42706}.Release|Any CPU.Build.0 = Release|Any CPU
		{A0B6066E-372C-43C0-8D47-A0B596968FF6}.Debug|Any CPU.ActiveCfg = Debug|Any CPU
		{A0B6066E-372C-43C0-8D47-A0B596968FF6}.Debug|Any CPU.Build.0 = Debug|Any CPU
		{A0B6066E-372C-43C0-8D47-A0B596968FF6}.Release|Any CPU.ActiveCfg = Release|Any CPU
		{A0B6066E-372C-43C0-8D47-A0B596968FF6}.Release|Any CPU.Build.0 = Release|Any CPU
		{5B11F719-2809-4910-9EDA-27FA998662C7}.Debug|Any CPU.ActiveCfg = Debug|Any CPU
		{5B11F719-2809-4910-9EDA-27FA998662C7}.Debug|Any CPU.Build.0 = Debug|Any CPU
		{5B11F719-2809-4910-9EDA-27FA998662C7}.Release|Any CPU.ActiveCfg = Release|Any CPU
		{5B11F719-2809-4910-9EDA-27FA998662C7}.Release|Any CPU.Build.0 = Release|Any CPU
		{BCE3111E-DFB1-4BB9-8687-B7E7A17F987C}.Debug|Any CPU.ActiveCfg = Debug|Any CPU
		{BCE3111E-DFB1-4BB9-8687-B7E7A17F987C}.Debug|Any CPU.Build.0 = Debug|Any CPU
		{BCE3111E-DFB1-4BB9-8687-B7E7A17F987C}.Release|Any CPU.ActiveCfg = Release|Any CPU
		{BCE3111E-DFB1-4BB9-8687-B7E7A17F987C}.Release|Any CPU.Build.0 = Release|Any CPU
		{2B623AF5-D913-45C9-9352-DE2E9D8ED08C}.Debug|Any CPU.ActiveCfg = Debug|Any CPU
		{2B623AF5-D913-45C9-9352-DE2E9D8ED08C}.Debug|Any CPU.Build.0 = Debug|Any CPU
		{2B623AF5-D913-45C9-9352-DE2E9D8ED08C}.Release|Any CPU.ActiveCfg = Release|Any CPU
		{2B623AF5-D913-45C9-9352-DE2E9D8ED08C}.Release|Any CPU.Build.0 = Release|Any CPU
		{D584F645-4A33-46E4-BE4F-AE5E2027DA67}.Debug|Any CPU.ActiveCfg = Debug|Any CPU
		{D584F645-4A33-46E4-BE4F-AE5E2027DA67}.Debug|Any CPU.Build.0 = Debug|Any CPU
		{D584F645-4A33-46E4-BE4F-AE5E2027DA67}.Release|Any CPU.ActiveCfg = Release|Any CPU
		{D584F645-4A33-46E4-BE4F-AE5E2027DA67}.Release|Any CPU.Build.0 = Release|Any CPU
		{D2295939-1014-4208-8CEF-BF2BE6F7E293}.Debug|Any CPU.ActiveCfg = Debug|Any CPU
		{D2295939-1014-4208-8CEF-BF2BE6F7E293}.Debug|Any CPU.Build.0 = Debug|Any CPU
		{D2295939-1014-4208-8CEF-BF2BE6F7E293}.Release|Any CPU.ActiveCfg = Release|Any CPU
		{D2295939-1014-4208-8CEF-BF2BE6F7E293}.Release|Any CPU.Build.0 = Release|Any CPU
		{B2AA26B4-2739-4E88-8937-3413B5C8FAA9}.Debug|Any CPU.ActiveCfg = Debug|Any CPU
		{B2AA26B4-2739-4E88-8937-3413B5C8FAA9}.Debug|Any CPU.Build.0 = Debug|Any CPU
		{B2AA26B4-2739-4E88-8937-3413B5C8FAA9}.Release|Any CPU.ActiveCfg = Release|Any CPU
		{B2AA26B4-2739-4E88-8937-3413B5C8FAA9}.Release|Any CPU.Build.0 = Release|Any CPU
	EndGlobalSection
	GlobalSection(SolutionProperties) = preSolution
		HideSolutionNode = FALSE
	EndGlobalSection
	GlobalSection(NestedProjects) = preSolution
		{F758C42B-9406-4C3F-A79A-85D76D8A584B} = {F40790B5-D01D-491A-8F61-EECD05C5F5A3}
		{4E89D9A2-BA3E-4BA5-A550-E57A92B459A1} = {F40790B5-D01D-491A-8F61-EECD05C5F5A3}
		{D3F4001D-D152-4A49-87CA-FC6F3EBF79FA} = {5BCF545A-1723-4D25-A332-D8542106F3D2}
		{B60326E7-BFCD-4503-A561-1F656633E8A0} = {C644EFB0-6851-4BB3-9B52-04B0666827F9}
		{C36D06B5-1D7B-411E-82FB-C90C34EA53FA} = {F40790B5-D01D-491A-8F61-EECD05C5F5A3}
		{09AFE1A6-F6F6-4AF6-8A7C-89F81F97DB2C} = {5BCF545A-1723-4D25-A332-D8542106F3D2}
		{2A6C51E9-67A5-4A59-A622-5793719EE9C3} = {9FC6F2D1-1340-4ACD-9E41-1DC6D133830A}
		{3177ED6B-61A9-4555-853F-09291E039F22} = {5BCF545A-1723-4D25-A332-D8542106F3D2}
		{09CC34AA-68FC-4022-9377-AB58B133048A} = {C644EFB0-6851-4BB3-9B52-04B0666827F9}
		{567E44CF-DB0A-4B35-8B4D-03D0CF93D825} = {5BCF545A-1723-4D25-A332-D8542106F3D2}
		{84641423-BBD1-42BA-A941-3FCCB35573E4} = {C644EFB0-6851-4BB3-9B52-04B0666827F9}
		{67BAF5AB-7448-47E5-9D15-1B3CBEA7C4E5} = {84641423-BBD1-42BA-A941-3FCCB35573E4}
		{1DDA4A6B-F03C-4AAB-9936-9B4235A703E9} = {84641423-BBD1-42BA-A941-3FCCB35573E4}
		{9EF09DFD-DFCC-4330-922C-A56B05F0BD93} = {F40790B5-D01D-491A-8F61-EECD05C5F5A3}
		{AFBC4ADA-71B9-4B42-A501-00097AE42706} = {9EF09DFD-DFCC-4330-922C-A56B05F0BD93}
		{A0B6066E-372C-43C0-8D47-A0B596968FF6} = {F40790B5-D01D-491A-8F61-EECD05C5F5A3}
		{5B11F719-2809-4910-9EDA-27FA998662C7} = {5BCF545A-1723-4D25-A332-D8542106F3D2}
		{BCE3111E-DFB1-4BB9-8687-B7E7A17F987C} = {9FC6F2D1-1340-4ACD-9E41-1DC6D133830A}
		{2B623AF5-D913-45C9-9352-DE2E9D8ED08C} = {C644EFB0-6851-4BB3-9B52-04B0666827F9}
		{D584F645-4A33-46E4-BE4F-AE5E2027DA67} = {9FC6F2D1-1340-4ACD-9E41-1DC6D133830A}
		{D2295939-1014-4208-8CEF-BF2BE6F7E293} = {13810636-60A3-4D61-98C9-F8E71FCD7493}
		{B2AA26B4-2739-4E88-8937-3413B5C8FAA9} = {93085D7F-47D1-4651-9668-ABF143278673}
	EndGlobalSection
	GlobalSection(ExtensibilityGlobals) = postSolution
		SolutionGuid = {FBFF544C-2ACA-4E23-BB7B-324277113F9A}
	EndGlobalSection
EndGlobal
