
Microsoft Visual Studio Solution File, Format Version 12.00
# Visual Studio Version 16
VisualStudioVersion = 16.0.32126.315
MinimumVisualStudioVersion = 10.0.40219.1
Project("{FAE04EC0-301F-11D3-BF4B-00C04F79EFBC}") = "DBAdapterService", "DBAdapterService.csproj", "{08DD26F4-BB53-471B-A5E1-1899D105C9B6}"
EndProject
Global
	GlobalSection(SolutionConfigurationPlatforms) = preSolution
		Debug|Any CPU = Debug|Any CPU
		Release|Any CPU = Release|Any CPU
	EndGlobalSection
	GlobalSection(ProjectConfigurationPlatforms) = postSolution
		{08DD26F4-BB53-471B-A5E1-1899D105C9B6}.Debug|Any CPU.ActiveCfg = Debug|Any CPU
		{08DD26F4-BB53-471B-A5E1-1899D105C9B6}.Debug|Any CPU.Build.0 = Debug|Any CPU
		{08DD26F4-BB53-471B-A5E1-1899D105C9B6}.Release|Any CPU.ActiveCfg = Release|Any CPU
		{08DD26F4-BB53-471B-A5E1-1899D105C9B6}.Release|Any CPU.Build.0 = Release|Any CPU
	EndGlobalSection
	GlobalSection(SolutionProperties) = preSolution
		HideSolutionNode = FALSE
	EndGlobalSection
	GlobalSection(ExtensibilityGlobals) = postSolution
		SolutionGuid = {EEB0B004-9D23-4F80-9700-25207498037A}
	EndGlobalSection
EndGlobal
